lockfileVersion: 5.4

importers:

  .:
    specifiers:
      typescript: 4.9.4
    devDependencies:
      typescript: 4.9.4

  packages/app:
    specifiers:
      '@types/react': 18.0.26
      dep: workspace:*
      react: 18.2.0
      react-dom: 18.2.0
      react-draggable: 3.0.5
    dependencies:
      dep: link:../dep
      react: 18.2.0
      react-dom: 18.2.0_react@18.2.0
      react-draggable: 3.0.5_biqbaboplfbrettd7655fr4n2y
    devDependencies:
      '@types/react': 18.0.26

  packages/dep:
    specifiers:
      '@types/react': 18.0.26
      dep: workspace:*
      react: 18.2.0
      react-dom: 18.2.0
      react-draggable: file:../../react-draggable-with-fixed-types.tgz
    dependencies:
      dep: 'link:'
      react: 18.2.0
      react-dom: 18.2.0_react@18.2.0
      react-draggable: file:react-draggable-with-fixed-types.tgz_biqbaboplfbrettd7655fr4n2y
    devDependencies:
      '@types/react': 18.0.26

packages:

  /@types/prop-types/15.7.5:
    resolution: {integrity: sha512-JCB8C6SnDoQf0cNycqd/35A7MjcnK+ZTqE7judS6o7utxUCg6imJg3QK2qzHKszlTjcj2cn+NwMB2i96ubpj7w==}
    dev: true

  /@types/react/18.0.26:
    resolution: {integrity: sha512-hCR3PJQsAIXyxhTNSiDFY//LhnMZWpNNr5etoCqx/iUfGc5gXWtQR2Phl908jVR6uPXacojQWTg4qRpkxTuGug==}
    dependencies:
      '@types/prop-types': 15.7.5
      '@types/scheduler': 0.16.2
      csstype: 3.1.1
    dev: true

  /@types/scheduler/0.16.2:
    resolution: {integrity: sha512-hppQEBDmlwhFAXKJX2KnWLYu5yMfi91yazPb2l+lbJiwW+wdo1gNeRA+3RgNSO39WYX2euey41KEwnqesU2Jew==}
    dev: true

  /classnames/2.3.2:
    resolution: {integrity: sha512-CSbhY4cFEJRe6/GQzIk5qXZ4Jeg5pcsP7b5peFSDpffpe1cqjASH/n9UTjBwOp6XpMSTwQ8Za2K5V02ueA7Tmw==}
    dev: false

  /clsx/1.2.1:
    resolution: {integrity: sha512-EcR6r5a8bj6pu3ycsa/E/cKVGuTgZJZdsyUYHOksG/UHIiKfjxzRxYJpyVBwYaQeOvghal9fcc4PidlgzugAQg==}
    engines: {node: '>=6'}
    dev: false

  /csstype/3.1.1:
    resolution: {integrity: sha512-DJR/VvkAvSZW9bTouZue2sSxDwdTN92uHjqeKVm+0dAqdfNykRzQ95tay8aXMBAAPpUiq4Qcug2L7neoRh2Egw==}
    dev: true

  /js-tokens/4.0.0:
    resolution: {integrity: sha512-RdJUflcE3cUzKiMqQgsCu06FPu9UdIJO0beYbPhHN4k6apgJtifcoCtT9bcxOpYBtpD2kCM6Sbzg4CausW/PKQ==}
    dev: false

  /loose-envify/1.4.0:
    resolution: {integrity: sha512-lyuxPGr/Wfhrlem2CL/UcnUc1zcqKAImBDzukY7Y5F/yQiNdko6+fRLevlw1HgMySw7f611UIY408EtxRSoK3Q==}
    hasBin: true
    dependencies:
      js-tokens: 4.0.0
    dev: false

  /object-assign/4.1.1:
    resolution: {integrity: sha512-rJgTQnkUnH1sFw8yT6VSU3zD3sWmu6sZhIseY8VX+GRu3P6F7Fu+JNDoXfklElbLJSnc3FUQHVe4cU5hj+BcUg==}
    engines: {node: '>=0.10.0'}
    dev: false

  /prop-types/15.8.1:
    resolution: {integrity: sha512-oj87CgZICdulUohogVAR7AjlC0327U4el4L6eAvOqCeudMDVU0NThNaV+b9Df4dXgSP1gXMTnPdhfe/2qDH5cg==}
    dependencies:
      loose-envify: 1.4.0
      object-assign: 4.1.1
      react-is: 16.13.1
    dev: false

  /react-dom/18.2.0_react@18.2.0:
    resolution: {integrity: sha512-6IMTriUmvsjHUjNtEDudZfuDQUoWXVxKHhlEGSk81n4YFS+r/Kl99wXiwlVXtPBtJenozv2P+hxDsw9eA7Xo6g==}
    peerDependencies:
      react: ^18.2.0
    dependencies:
      loose-envify: 1.4.0
      react: 18.2.0
      scheduler: 0.23.0
    dev: false

  /react-draggable/3.0.5_biqbaboplfbrettd7655fr4n2y:
    resolution: {integrity: sha512-qo76q6+pafyGllbmfc+CgWfOkwY9v3UoJa3jp6xG2vdsRY8uJTN1kqNievLj0uVNjEqCvZ0OFiEBxlAJNj3OTg==}
    peerDependencies:
      react: '>= 16.3.0'
      react-dom: '>= 16.3.0'
    dependencies:
      classnames: 2.3.2
      prop-types: 15.8.1
      react: 18.2.0
      react-dom: 18.2.0_react@18.2.0
    dev: false

  /react-is/16.13.1:
    resolution: {integrity: sha512-24e6ynE2H+OKt4kqsOvNd8kBpV65zoxbA4BVsEOB3ARVWQki/DHzaUoC5KuON/BiccDaCCTZBuOcfZs70kR8bQ==}
    dev: false

  /react/18.2.0:
    resolution: {integrity: sha512-/3IjMdb2L9QbBdWiW5e3P2/npwMBaU9mHCSCUzNln0ZCYbcfTsGbTJrU/kGemdH2IWmB2ioZ+zkxtmq6g09fGQ==}
    engines: {node: '>=0.10.0'}
    dependencies:
      loose-envify: 1.4.0
    dev: false

  /scheduler/0.23.0:
    resolution: {integrity: sha512-CtuThmgHNg7zIZWAXi3AsyIzA3n4xx7aNyjwC2VJldO2LMVDhFK+63xGqq6CsJH4rTAt6/M+N4GhZiDYPx9eUw==}
    dependencies:
      loose-envify: 1.4.0
    dev: false

  /typescript/4.9.4:
    resolution: {integrity: sha512-Uz+dTXYzxXXbsFpM86Wh3dKCxrQqUcVMxwU54orwlJjOpO3ao8L7j5lH+dWfTwgCwIuM9GQ2kvVotzYJMXTBZg==}
    engines: {node: '>=4.2.0'}
    hasBin: true
    dev: true

  file:react-draggable-with-fixed-types.tgz_biqbaboplfbrettd7655fr4n2y:
    resolution: {integrity: sha512-VE+E5J35STq7vCpf+UC2hUK0xuklbH6/GLw265VPQZ/yXw8gFA8HT1rQ8JUuxQ8K+kj+0xwfNSqKW21HwY/w7A==, tarball: file:react-draggable-with-fixed-types.tgz}
    id: file:react-draggable-with-fixed-types.tgz
    name: react-draggable
    version: 4.4.5
    peerDependencies:
      react: '>= 16.3.0'
      react-dom: '>= 16.3.0'
    dependencies:
      clsx: 1.2.1
      prop-types: 15.8.1
      react: 18.2.0
      react-dom: 18.2.0_react@18.2.0
    dev: false
